// !$*UTF8*$!
{
	archiveVersion = 1;
	classes = {
	};
	objectVersion = 52;
	objects = {

/* Begin PBXBuildFile section */
		44AE155C25F0B9B80015810D /* Main.storyboard in Resources */ = {isa = PBXBuildFile; fileRef = 44AE155A25F0B9B80015810D /* Main.storyboard */; };
		44AE155E25F0B9BB0015810D /* Assets.xcassets in Resources */ = {isa = PBXBuildFile; fileRef = 44AE155D25F0B9BB0015810D /* Assets.xcassets */; };
		44AE156125F0B9BB0015810D /* LaunchScreen.storyboard in Resources */ = {isa = PBXBuildFile; fileRef = 44AE155F25F0B9BB0015810D /* LaunchScreen.storyboard */; };
		44AE157325F0DAE00015810D /* AppDelegate.swift in Sources */ = {isa = PBXBuildFile; fileRef = 44AE156E25F0DADF0015810D /* AppDelegate.swift */; };
		44AE157425F0DAE00015810D /* SceneDelegate.swift in Sources */ = {isa = PBXBuildFile; fileRef = 44AE156F25F0DADF0015810D /* SceneDelegate.swift */; };
		44AE157D25F0E1A30015810D /* Rows.swift in Sources */ = {isa = PBXBuildFile; fileRef = 44AE157C25F0E1A30015810D /* Rows.swift */; };
		44AE158025F0E2D10015810D /* Columns.swift in Sources */ = {isa = PBXBuildFile; fileRef = 44AE157F25F0E2D10015810D /* Columns.swift */; };
		44AE158325F0E41E0015810D /* Background.swift in Sources */ = {isa = PBXBuildFile; fileRef = 44AE158225F0E41E0015810D /* Background.swift */; };
		44AE158625F0E4630015810D /* Slide.swift in Sources */ = {isa = PBXBuildFile; fileRef = 44AE158525F0E4630015810D /* Slide.swift */; };
		44AE158A25F0FD1B0015810D /* data.json in Resources */ = {isa = PBXBuildFile; fileRef = 44AE158925F0FD1B0015810D /* data.json */; };
		44AE158D25F0FDE30015810D /* BaseResponse.swift in Sources */ = {isa = PBXBuildFile; fileRef = 44AE158C25F0FDE30015810D /* BaseResponse.swift */; };
		44D55EA225F2396A002DDA72 /* ProductsRepository.swift in Sources */ = {isa = PBXBuildFile; fileRef = 44D55EA125F2396A002DDA72 /* ProductsRepository.swift */; };
		44D55EA725F23F4C002DDA72 /* ProductsListViewController.swift in Sources */ = {isa = PBXBuildFile; fileRef = 44D55EA625F23F4C002DDA72 /* ProductsListViewController.swift */; };
		44D55EAC25F23F8C002DDA72 /* ProductsListViewModel.swift in Sources */ = {isa = PBXBuildFile; fileRef = 44D55EAB25F23F8C002DDA72 /* ProductsListViewModel.swift */; };
		44D55EB025F2505C002DDA72 /* Coordinator.swift in Sources */ = {isa = PBXBuildFile; fileRef = 44D55EAF25F2505C002DDA72 /* Coordinator.swift */; };
		44D55EB325F2510F002DDA72 /* MainCordinator.swift in Sources */ = {isa = PBXBuildFile; fileRef = 44D55EB225F2510F002DDA72 /* MainCordinator.swift */; };
		44D55EB725F2534D002DDA72 /* UIViewController+Extension.swift in Sources */ = {isa = PBXBuildFile; fileRef = 44D55EB625F2534D002DDA72 /* UIViewController+Extension.swift */; };
		44D55EEB25F363D2002DDA72 /* ProductItemListViewModel.swift in Sources */ = {isa = PBXBuildFile; fileRef = 44D55EEA25F363D2002DDA72 /* ProductItemListViewModel.swift */; };
		44D55EEF25F37D96002DDA72 /* UIColor+Extension.swift in Sources */ = {isa = PBXBuildFile; fileRef = 44D55EEE25F37D96002DDA72 /* UIColor+Extension.swift */; };
		44D55EF325F38349002DDA72 /* ProductsTableViewCell.swift in Sources */ = {isa = PBXBuildFile; fileRef = 44D55EF225F38349002DDA72 /* ProductsTableViewCell.swift */; };
		44D55EF625F3836C002DDA72 /* ProductItemCollectionViewCell.swift in Sources */ = {isa = PBXBuildFile; fileRef = 44D55EF525F3836C002DDA72 /* ProductItemCollectionViewCell.swift */; };
		44D55EFB25F38A28002DDA72 /* Kingfisher in Frameworks */ = {isa = PBXBuildFile; productRef = 44D55EFA25F38A28002DDA72 /* Kingfisher */; };
		44D55EFE25F4B11B002DDA72 /* String+Extension.swift in Sources */ = {isa = PBXBuildFile; fileRef = 44D55EFD25F4B11B002DDA72 /* String+Extension.swift */; };
		44D55F0725F4C71D002DDA72 /* Golden_ScentTests.swift in Sources */ = {isa = PBXBuildFile; fileRef = 44D55F0625F4C71D002DDA72 /* Golden_ScentTests.swift */; };
		44D55F1125F4C733002DDA72 /* ProductsResporitoryTests.swift in Sources */ = {isa = PBXBuildFile; fileRef = 44D55F1025F4C733002DDA72 /* ProductsResporitoryTests.swift */; };
/* End PBXBuildFile section */

/* Begin PBXContainerItemProxy section */
		44D55F0925F4C71D002DDA72 /* PBXContainerItemProxy */ = {
			isa = PBXContainerItemProxy;
			containerPortal = 44AE154925F0B9B70015810D /* Project object */;
			proxyType = 1;
			remoteGlobalIDString = 44AE155025F0B9B80015810D;
			remoteInfo = "Golden Scent";
		};
/* End PBXContainerItemProxy section */

/* Begin PBXFileReference section */
		44AE155125F0B9B80015810D /* Golden Scent.app */ = {isa = PBXFileReference; explicitFileType = wrapper.application; includeInIndex = 0; path = "Golden Scent.app"; sourceTree = BUILT_PRODUCTS_DIR; };
		44AE155B25F0B9B80015810D /* Base */ = {isa = PBXFileReference; lastKnownFileType = file.storyboard; name = Base; path = Base.lproj/Main.storyboard; sourceTree = "<group>"; };
		44AE155D25F0B9BB0015810D /* Assets.xcassets */ = {isa = PBXFileReference; lastKnownFileType = folder.assetcatalog; path = Assets.xcassets; sourceTree = "<group>"; };
		44AE156025F0B9BB0015810D /* Base */ = {isa = PBXFileReference; lastKnownFileType = file.storyboard; name = Base; path = Base.lproj/LaunchScreen.storyboard; sourceTree = "<group>"; };
		44AE156225F0B9BB0015810D /* Info.plist */ = {isa = PBXFileReference; lastKnownFileType = text.plist.xml; path = Info.plist; sourceTree = "<group>"; };
		44AE156E25F0DADF0015810D /* AppDelegate.swift */ = {isa = PBXFileReference; fileEncoding = 4; lastKnownFileType = sourcecode.swift; path = AppDelegate.swift; sourceTree = "<group>"; };
		44AE156F25F0DADF0015810D /* SceneDelegate.swift */ = {isa = PBXFileReference; fileEncoding = 4; lastKnownFileType = sourcecode.swift; path = SceneDelegate.swift; sourceTree = "<group>"; };
		44AE157C25F0E1A30015810D /* Rows.swift */ = {isa = PBXFileReference; lastKnownFileType = sourcecode.swift; path = Rows.swift; sourceTree = "<group>"; };
		44AE157F25F0E2D10015810D /* Columns.swift */ = {isa = PBXFileReference; lastKnownFileType = sourcecode.swift; path = Columns.swift; sourceTree = "<group>"; };
		44AE158225F0E41E0015810D /* Background.swift */ = {isa = PBXFileReference; lastKnownFileType = sourcecode.swift; path = Background.swift; sourceTree = "<group>"; };
		44AE158525F0E4630015810D /* Slide.swift */ = {isa = PBXFileReference; lastKnownFileType = sourcecode.swift; path = Slide.swift; sourceTree = "<group>"; };
		44AE158925F0FD1B0015810D /* data.json */ = {isa = PBXFileReference; fileEncoding = 4; lastKnownFileType = text.json; path = data.json; sourceTree = "<group>"; };
		44AE158C25F0FDE30015810D /* BaseResponse.swift */ = {isa = PBXFileReference; lastKnownFileType = sourcecode.swift; path = BaseResponse.swift; sourceTree = "<group>"; };
		44D55EA125F2396A002DDA72 /* ProductsRepository.swift */ = {isa = PBXFileReference; lastKnownFileType = sourcecode.swift; path = ProductsRepository.swift; sourceTree = "<group>"; };
		44D55EA625F23F4C002DDA72 /* ProductsListViewController.swift */ = {isa = PBXFileReference; lastKnownFileType = sourcecode.swift; path = ProductsListViewController.swift; sourceTree = "<group>"; };
		44D55EAB25F23F8C002DDA72 /* ProductsListViewModel.swift */ = {isa = PBXFileReference; lastKnownFileType = sourcecode.swift; path = ProductsListViewModel.swift; sourceTree = "<group>"; };
		44D55EAF25F2505C002DDA72 /* Coordinator.swift */ = {isa = PBXFileReference; lastKnownFileType = sourcecode.swift; path = Coordinator.swift; sourceTree = "<group>"; };
		44D55EB225F2510F002DDA72 /* MainCordinator.swift */ = {isa = PBXFileReference; lastKnownFileType = sourcecode.swift; path = MainCordinator.swift; sourceTree = "<group>"; };
		44D55EB625F2534D002DDA72 /* UIViewController+Extension.swift */ = {isa = PBXFileReference; lastKnownFileType = sourcecode.swift; path = "UIViewController+Extension.swift"; sourceTree = "<group>"; };
		44D55EEA25F363D2002DDA72 /* ProductItemListViewModel.swift */ = {isa = PBXFileReference; lastKnownFileType = sourcecode.swift; path = ProductItemListViewModel.swift; sourceTree = "<group>"; };
		44D55EEE25F37D96002DDA72 /* UIColor+Extension.swift */ = {isa = PBXFileReference; lastKnownFileType = sourcecode.swift; path = "UIColor+Extension.swift"; sourceTree = "<group>"; };
		44D55EF225F38349002DDA72 /* ProductsTableViewCell.swift */ = {isa = PBXFileReference; lastKnownFileType = sourcecode.swift; path = ProductsTableViewCell.swift; sourceTree = "<group>"; };
		44D55EF525F3836C002DDA72 /* ProductItemCollectionViewCell.swift */ = {isa = PBXFileReference; lastKnownFileType = sourcecode.swift; path = ProductItemCollectionViewCell.swift; sourceTree = "<group>"; };
		44D55EFD25F4B11B002DDA72 /* String+Extension.swift */ = {isa = PBXFileReference; lastKnownFileType = sourcecode.swift; path = "String+Extension.swift"; sourceTree = "<group>"; };
		44D55F0425F4C71D002DDA72 /* Golden ScentTests.xctest */ = {isa = PBXFileReference; explicitFileType = wrapper.cfbundle; includeInIndex = 0; path = "Golden ScentTests.xctest"; sourceTree = BUILT_PRODUCTS_DIR; };
		44D55F0625F4C71D002DDA72 /* Golden_ScentTests.swift */ = {isa = PBXFileReference; lastKnownFileType = sourcecode.swift; path = Golden_ScentTests.swift; sourceTree = "<group>"; };
		44D55F0825F4C71D002DDA72 /* Info.plist */ = {isa = PBXFileReference; lastKnownFileType = text.plist.xml; path = Info.plist; sourceTree = "<group>"; };
		44D55F1025F4C733002DDA72 /* ProductsResporitoryTests.swift */ = {isa = PBXFileReference; lastKnownFileType = sourcecode.swift; path = ProductsResporitoryTests.swift; sourceTree = "<group>"; };
/* End PBXFileReference section */

/* Begin PBXFrameworksBuildPhase section */
		44AE154E25F0B9B80015810D /* Frameworks */ = {
			isa = PBXFrameworksBuildPhase;
			buildActionMask = 2147483647;
			files = (
				44D55EFB25F38A28002DDA72 /* Kingfisher in Frameworks */,
			);
			runOnlyForDeploymentPostprocessing = 0;
		};
		44D55F0125F4C71D002DDA72 /* Frameworks */ = {
			isa = PBXFrameworksBuildPhase;
			buildActionMask = 2147483647;
			files = (
			);
			runOnlyForDeploymentPostprocessing = 0;
		};
/* End PBXFrameworksBuildPhase section */

/* Begin PBXGroup section */
		44AE154825F0B9B70015810D = {
			isa = PBXGroup;
			children = (
				44AE155325F0B9B80015810D /* Golden Scent */,
				44D55F0525F4C71D002DDA72 /* Golden ScentTests */,
				44AE155225F0B9B80015810D /* Products */,
			);
			sourceTree = "<group>";
		};
		44AE155225F0B9B80015810D /* Products */ = {
			isa = PBXGroup;
			children = (
				44AE155125F0B9B80015810D /* Golden Scent.app */,
				44D55F0425F4C71D002DDA72 /* Golden ScentTests.xctest */,
			);
			name = Products;
			sourceTree = "<group>";
		};
		44AE155325F0B9B80015810D /* Golden Scent */ = {
			isa = PBXGroup;
			children = (
				44AE158825F0FC9A0015810D /* Resources */,
				44AE157925F0DBE00015810D /* Models */,
				44AE157A25F0DBE00015810D /* Repositories */,
				44AE156D25F0DADF0015810D /* Application Setup */,
				44AE157125F0DADF0015810D /* Common */,
				44AE157025F0DADF0015810D /* Coordinator */,
				44AE157225F0DAE00015810D /* Scenes */,
				44AE155A25F0B9B80015810D /* Main.storyboard */,
				44AE155D25F0B9BB0015810D /* Assets.xcassets */,
				44AE155F25F0B9BB0015810D /* LaunchScreen.storyboard */,
				44AE156225F0B9BB0015810D /* Info.plist */,
			);
			path = "Golden Scent";
			sourceTree = "<group>";
		};
		44AE156D25F0DADF0015810D /* Application Setup */ = {
			isa = PBXGroup;
			children = (
				44AE156E25F0DADF0015810D /* AppDelegate.swift */,
				44AE156F25F0DADF0015810D /* SceneDelegate.swift */,
			);
			path = "Application Setup";
			sourceTree = "<group>";
		};
		44AE157025F0DADF0015810D /* Coordinator */ = {
			isa = PBXGroup;
			children = (
				44D55EAF25F2505C002DDA72 /* Coordinator.swift */,
				44D55EB225F2510F002DDA72 /* MainCordinator.swift */,
			);
			path = Coordinator;
			sourceTree = "<group>";
		};
		44AE157125F0DADF0015810D /* Common */ = {
			isa = PBXGroup;
			children = (
				44D55EB525F25330002DDA72 /* Extensions */,
			);
			path = Common;
			sourceTree = "<group>";
		};
		44AE157225F0DAE00015810D /* Scenes */ = {
			isa = PBXGroup;
			children = (
				44D55EA425F23F04002DDA72 /* ProductsList */,
			);
			path = Scenes;
			sourceTree = "<group>";
		};
		44AE157925F0DBE00015810D /* Models */ = {
			isa = PBXGroup;
			children = (
				44AE157C25F0E1A30015810D /* Rows.swift */,
				44AE157F25F0E2D10015810D /* Columns.swift */,
				44AE158225F0E41E0015810D /* Background.swift */,
				44AE158525F0E4630015810D /* Slide.swift */,
				44AE158C25F0FDE30015810D /* BaseResponse.swift */,
			);
			path = Models;
			sourceTree = "<group>";
		};
		44AE157A25F0DBE00015810D /* Repositories */ = {
			isa = PBXGroup;
			children = (
				44D55EA125F2396A002DDA72 /* ProductsRepository.swift */,
			);
			path = Repositories;
			sourceTree = "<group>";
		};
		44AE158825F0FC9A0015810D /* Resources */ = {
			isa = PBXGroup;
			children = (
				44AE158925F0FD1B0015810D /* data.json */,
			);
			path = Resources;
			sourceTree = "<group>";
		};
		44D55EA425F23F04002DDA72 /* ProductsList */ = {
			isa = PBXGroup;
			children = (
				44D55EF125F38000002DDA72 /* Views */,
				44D55EAA25F23F74002DDA72 /* ViewModel */,
				44D55EA525F23F35002DDA72 /* ViewController */,
			);
			path = ProductsList;
			sourceTree = "<group>";
		};
		44D55EA525F23F35002DDA72 /* ViewController */ = {
			isa = PBXGroup;
			children = (
				44D55EA625F23F4C002DDA72 /* ProductsListViewController.swift */,
			);
			path = ViewController;
			sourceTree = "<group>";
		};
		44D55EAA25F23F74002DDA72 /* ViewModel */ = {
			isa = PBXGroup;
			children = (
				44D55EAB25F23F8C002DDA72 /* ProductsListViewModel.swift */,
				44D55EEA25F363D2002DDA72 /* ProductItemListViewModel.swift */,
			);
			path = ViewModel;
			sourceTree = "<group>";
		};
		44D55EB525F25330002DDA72 /* Extensions */ = {
			isa = PBXGroup;
			children = (
				44D55EB625F2534D002DDA72 /* UIViewController+Extension.swift */,
				44D55EEE25F37D96002DDA72 /* UIColor+Extension.swift */,
				44D55EFD25F4B11B002DDA72 /* String+Extension.swift */,
			);
			path = Extensions;
			sourceTree = "<group>";
		};
		44D55EF125F38000002DDA72 /* Views */ = {
			isa = PBXGroup;
			children = (
				44D55EF225F38349002DDA72 /* ProductsTableViewCell.swift */,
				44D55EF525F3836C002DDA72 /* ProductItemCollectionViewCell.swift */,
			);
			path = Views;
			sourceTree = "<group>";
		};
		44D55F0525F4C71D002DDA72 /* Golden ScentTests */ = {
			isa = PBXGroup;
			children = (
				44D55F0625F4C71D002DDA72 /* Golden_ScentTests.swift */,
				44D55F1025F4C733002DDA72 /* ProductsResporitoryTests.swift */,
				44D55F0825F4C71D002DDA72 /* Info.plist */,
			);
			path = "Golden ScentTests";
			sourceTree = "<group>";
		};
/* End PBXGroup section */

/* Begin PBXNativeTarget section */
		44AE155025F0B9B80015810D /* Golden Scent */ = {
			isa = PBXNativeTarget;
			buildConfigurationList = 44AE156525F0B9BB0015810D /* Build configuration list for PBXNativeTarget "Golden Scent" */;
			buildPhases = (
				44AE154D25F0B9B80015810D /* Sources */,
				44AE154E25F0B9B80015810D /* Frameworks */,
				44AE154F25F0B9B80015810D /* Resources */,
			);
			buildRules = (
			);
			dependencies = (
			);
			name = "Golden Scent";
			packageProductDependencies = (
				44D55EFA25F38A28002DDA72 /* Kingfisher */,
			);
			productName = "Golden Scent";
			productReference = 44AE155125F0B9B80015810D /* Golden Scent.app */;
			productType = "com.apple.product-type.application";
		};
		44D55F0325F4C71D002DDA72 /* Golden ScentTests */ = {
			isa = PBXNativeTarget;
			buildConfigurationList = 44D55F0B25F4C71D002DDA72 /* Build configuration list for PBXNativeTarget "Golden ScentTests" */;
			buildPhases = (
				44D55F0025F4C71D002DDA72 /* Sources */,
				44D55F0125F4C71D002DDA72 /* Frameworks */,
				44D55F0225F4C71D002DDA72 /* Resources */,
			);
			buildRules = (
			);
			dependencies = (
				44D55F0A25F4C71D002DDA72 /* PBXTargetDependency */,
			);
			name = "Golden ScentTests";
			productName = "Golden ScentTests";
			productReference = 44D55F0425F4C71D002DDA72 /* Golden ScentTests.xctest */;
			productType = "com.apple.product-type.bundle.unit-test";
		};
/* End PBXNativeTarget section */

/* Begin PBXProject section */
		44AE154925F0B9B70015810D /* Project object */ = {
			isa = PBXProject;
			attributes = {
				LastSwiftUpdateCheck = 1220;
				LastUpgradeCheck = 1220;
				TargetAttributes = {
					44AE155025F0B9B80015810D = {
						CreatedOnToolsVersion = 12.2;
					};
					44D55F0325F4C71D002DDA72 = {
						CreatedOnToolsVersion = 12.2;
						TestTargetID = 44AE155025F0B9B80015810D;
					};
				};
			};
			buildConfigurationList = 44AE154C25F0B9B70015810D /* Build configuration list for PBXProject "Golden Scent" */;
			compatibilityVersion = "Xcode 9.3";
			developmentRegion = en;
			hasScannedForEncodings = 0;
			knownRegions = (
				en,
				Base,
			);
			mainGroup = 44AE154825F0B9B70015810D;
			packageReferences = (
				44D55EF925F38A28002DDA72 /* XCRemoteSwiftPackageReference "Kingfisher" */,
			);
			productRefGroup = 44AE155225F0B9B80015810D /* Products */;
			projectDirPath = "";
			projectRoot = "";
			targets = (
				44AE155025F0B9B80015810D /* Golden Scent */,
				44D55F0325F4C71D002DDA72 /* Golden ScentTests */,
			);
		};
/* End PBXProject section */

/* Begin PBXResourcesBuildPhase section */
		44AE154F25F0B9B80015810D /* Resources */ = {
			isa = PBXResourcesBuildPhase;
			buildActionMask = 2147483647;
			files = (
				44AE156125F0B9BB0015810D /* LaunchScreen.storyboard in Resources */,
				44AE155E25F0B9BB0015810D /* Assets.xcassets in Resources */,
				44AE155C25F0B9B80015810D /* Main.storyboard in Resources */,
				44AE158A25F0FD1B0015810D /* data.json in Resources */,
			);
			runOnlyForDeploymentPostprocessing = 0;
		};
		44D55F0225F4C71D002DDA72 /* Resources */ = {
			isa = PBXResourcesBuildPhase;
			buildActionMask = 2147483647;
			files = (
			);
			runOnlyForDeploymentPostprocessing = 0;
		};
/* End PBXResourcesBuildPhase section */

/* Begin PBXSourcesBuildPhase section */
		44AE154D25F0B9B80015810D /* Sources */ = {
			isa = PBXSourcesBuildPhase;
			buildActionMask = 2147483647;
			files = (
				44D55EEB25F363D2002DDA72 /* ProductItemListViewModel.swift in Sources */,
				44AE157D25F0E1A30015810D /* Rows.swift in Sources */,
				44D55EF325F38349002DDA72 /* ProductsTableViewCell.swift in Sources */,
				44D55EB025F2505C002DDA72 /* Coordinator.swift in Sources */,
				44D55EEF25F37D96002DDA72 /* UIColor+Extension.swift in Sources */,
				44D55EB725F2534D002DDA72 /* UIViewController+Extension.swift in Sources */,
				44D55EAC25F23F8C002DDA72 /* ProductsListViewModel.swift in Sources */,
				44D55EFE25F4B11B002DDA72 /* String+Extension.swift in Sources */,
				44AE157325F0DAE00015810D /* AppDelegate.swift in Sources */,
				44D55EB325F2510F002DDA72 /* MainCordinator.swift in Sources */,
				44D55EF625F3836C002DDA72 /* ProductItemCollectionViewCell.swift in Sources */,
				44D55EA725F23F4C002DDA72 /* ProductsListViewController.swift in Sources */,
				44AE158025F0E2D10015810D /* Columns.swift in Sources */,
				44AE158625F0E4630015810D /* Slide.swift in Sources */,
				44AE157425F0DAE00015810D /* SceneDelegate.swift in Sources */,
				44D55EA225F2396A002DDA72 /* ProductsRepository.swift in Sources */,
				44AE158325F0E41E0015810D /* Background.swift in Sources */,
				44AE158D25F0FDE30015810D /* BaseResponse.swift in Sources */,
			);
			runOnlyForDeploymentPostprocessing = 0;
		};
		44D55F0025F4C71D002DDA72 /* Sources */ = {
			isa = PBXSourcesBuildPhase;
			buildActionMask = 2147483647;
			files = (
				44D55F1125F4C733002DDA72 /* ProductsResporitoryTests.swift in Sources */,
				44D55F0725F4C71D002DDA72 /* Golden_ScentTests.swift in Sources */,
			);
			runOnlyForDeploymentPostprocessing = 0;
		};
/* End PBXSourcesBuildPhase section */

/* Begin PBXTargetDependency section */
		44D55F0A25F4C71D002DDA72 /* PBXTargetDependency */ = {
			isa = PBXTargetDependency;
			target = 44AE155025F0B9B80015810D /* Golden Scent */;
			targetProxy = 44D55F0925F4C71D002DDA72 /* PBXContainerItemProxy */;
		};
/* End PBXTargetDependency section */

/* Begin PBXVariantGroup section */
		44AE155A25F0B9B80015810D /* Main.storyboard */ = {
			isa = PBXVariantGroup;
			children = (
				44AE155B25F0B9B80015810D /* Base */,
			);
			name = Main.storyboard;
			sourceTree = "<group>";
		};
		44AE155F25F0B9BB0015810D /* LaunchScreen.storyboard */ = {
			isa = PBXVariantGroup;
			children = (
				44AE156025F0B9BB0015810D /* Base */,
			);
			name = LaunchScreen.storyboard;
			sourceTree = "<group>";
		};
/* End PBXVariantGroup section */

/* Begin XCBuildConfiguration section */
		44AE156325F0B9BB0015810D /* Debug */ = {
			isa = XCBuildConfiguration;
			buildSettings = {
				ALWAYS_SEARCH_USER_PATHS = NO;
				CLANG_ANALYZER_NONNULL = YES;
				CLANG_ANALYZER_NUMBER_OBJECT_CONVERSION = YES_AGGRESSIVE;
				CLANG_CXX_LANGUAGE_STANDARD = "gnu++14";
				CLANG_CXX_LIBRARY = "libc++";
				CLANG_ENABLE_MODULES = YES;
				CLANG_ENABLE_OBJC_ARC = YES;
				CLANG_ENABLE_OBJC_WEAK = YES;
				CLANG_WARN_BLOCK_CAPTURE_AUTORELEASING = YES;
				CLANG_WARN_BOOL_CONVERSION = YES;
				CLANG_WARN_COMMA = YES;
				CLANG_WARN_CONSTANT_CONVERSION = YES;
				CLANG_WARN_DEPRECATED_OBJC_IMPLEMENTATIONS = YES;
				CLANG_WARN_DIRECT_OBJC_ISA_USAGE = YES_ERROR;
				CLANG_WARN_DOCUMENTATION_COMMENTS = YES;
				CLANG_WARN_EMPTY_BODY = YES;
				CLANG_WARN_ENUM_CONVERSION = YES;
				CLANG_WARN_INFINITE_RECURSION = YES;
				CLANG_WARN_INT_CONVERSION = YES;
				CLANG_WARN_NON_LITERAL_NULL_CONVERSION = YES;
				CLANG_WARN_OBJC_IMPLICIT_RETAIN_SELF = YES;
				CLANG_WARN_OBJC_LITERAL_CONVERSION = YES;
				CLANG_WARN_OBJC_ROOT_CLASS = YES_ERROR;
				CLANG_WARN_QUOTED_INCLUDE_IN_FRAMEWORK_HEADER = YES;
				CLANG_WARN_RANGE_LOOP_ANALYSIS = YES;
				CLANG_WARN_STRICT_PROTOTYPES = YES;
				CLANG_WARN_SUSPICIOUS_MOVE = YES;
				CLANG_WARN_UNGUARDED_AVAILABILITY = YES_AGGRESSIVE;
				CLANG_WARN_UNREACHABLE_CODE = YES;
				CLANG_WARN__DUPLICATE_METHOD_MATCH = YES;
				COPY_PHASE_STRIP = NO;
				DEBUG_INFORMATION_FORMAT = dwarf;
				ENABLE_STRICT_OBJC_MSGSEND = YES;
				ENABLE_TESTABILITY = YES;
				GCC_C_LANGUAGE_STANDARD = gnu11;
				GCC_DYNAMIC_NO_PIC = NO;
				GCC_NO_COMMON_BLOCKS = YES;
				GCC_OPTIMIZATION_LEVEL = 0;
				GCC_PREPROCESSOR_DEFINITIONS = (
					"DEBUG=1",
					"$(inherited)",
				);
				GCC_WARN_64_TO_32_BIT_CONVERSION = YES;
				GCC_WARN_ABOUT_RETURN_TYPE = YES_ERROR;
				GCC_WARN_UNDECLARED_SELECTOR = YES;
				GCC_WARN_UNINITIALIZED_AUTOS = YES_AGGRESSIVE;
				GCC_WARN_UNUSED_FUNCTION = YES;
				GCC_WARN_UNUSED_VARIABLE = YES;
				IPHONEOS_DEPLOYMENT_TARGET = 14.2;
				MTL_ENABLE_DEBUG_INFO = INCLUDE_SOURCE;
				MTL_FAST_MATH = YES;
				ONLY_ACTIVE_ARCH = YES;
				SDKROOT = iphoneos;
				SWIFT_ACTIVE_COMPILATION_CONDITIONS = DEBUG;
				SWIFT_OPTIMIZATION_LEVEL = "-Onone";
			};
			name = Debug;
		};
		44AE156425F0B9BB0015810D /* Release */ = {
			isa = XCBuildConfiguration;
			buildSettings = {
				ALWAYS_SEARCH_USER_PATHS = NO;
				CLANG_ANALYZER_NONNULL = YES;
				CLANG_ANALYZER_NUMBER_OBJECT_CONVERSION = YES_AGGRESSIVE;
				CLANG_CXX_LANGUAGE_STANDARD = "gnu++14";
				CLANG_CXX_LIBRARY = "libc++";
				CLANG_ENABLE_MODULES = YES;
				CLANG_ENABLE_OBJC_ARC = YES;
				CLANG_ENABLE_OBJC_WEAK = YES;
				CLANG_WARN_BLOCK_CAPTURE_AUTORELEASING = YES;
				CLANG_WARN_BOOL_CONVERSION = YES;
				CLANG_WARN_COMMA = YES;
				CLANG_WARN_CONSTANT_CONVERSION = YES;
				CLANG_WARN_DEPRECATED_OBJC_IMPLEMENTATIONS = YES;
				CLANG_WARN_DIRECT_OBJC_ISA_USAGE = YES_ERROR;
				CLANG_WARN_DOCUMENTATION_COMMENTS = YES;
				CLANG_WARN_EMPTY_BODY = YES;
				CLANG_WARN_ENUM_CONVERSION = YES;
				CLANG_WARN_INFINITE_RECURSION = YES;
				CLANG_WARN_INT_CONVERSION = YES;
				CLANG_WARN_NON_LITERAL_NULL_CONVERSION = YES;
				CLANG_WARN_OBJC_IMPLICIT_RETAIN_SELF = YES;
				CLANG_WARN_OBJC_LITERAL_CONVERSION = YES;
				CLANG_WARN_OBJC_ROOT_CLASS = YES_ERROR;
				CLANG_WARN_QUOTED_INCLUDE_IN_FRAMEWORK_HEADER = YES;
				CLANG_WARN_RANGE_LOOP_ANALYSIS = YES;
				CLANG_WARN_STRICT_PROTOTYPES = YES;
				CLANG_WARN_SUSPICIOUS_MOVE = YES;
				CLANG_WARN_UNGUARDED_AVAILABILITY = YES_AGGRESSIVE;
				CLANG_WARN_UNREACHABLE_CODE = YES;
				CLANG_WARN__DUPLICATE_METHOD_MATCH = YES;
				COPY_PHASE_STRIP = NO;
				DEBUG_INFORMATION_FORMAT = "dwarf-with-dsym";
				ENABLE_NS_ASSERTIONS = NO;
				ENABLE_STRICT_OBJC_MSGSEND = YES;
				GCC_C_LANGUAGE_STANDARD = gnu11;
				GCC_NO_COMMON_BLOCKS = YES;
				GCC_WARN_64_TO_32_BIT_CONVERSION = YES;
				GCC_WARN_ABOUT_RETURN_TYPE = YES_ERROR;
				GCC_WARN_UNDECLARED_SELECTOR = YES;
				GCC_WARN_UNINITIALIZED_AUTOS = YES_AGGRESSIVE;
				GCC_WARN_UNUSED_FUNCTION = YES;
				GCC_WARN_UNUSED_VARIABLE = YES;
				IPHONEOS_DEPLOYMENT_TARGET = 14.2;
				MTL_ENABLE_DEBUG_INFO = NO;
				MTL_FAST_MATH = YES;
				SDKROOT = iphoneos;
				SWIFT_COMPILATION_MODE = wholemodule;
				SWIFT_OPTIMIZATION_LEVEL = "-O";
				VALIDATE_PRODUCT = YES;
			};
			name = Release;
		};
		44AE156625F0B9BB0015810D /* Debug */ = {
			isa = XCBuildConfiguration;
			buildSettings = {
				ASSETCATALOG_COMPILER_APPICON_NAME = AppIcon;
				ASSETCATALOG_COMPILER_GLOBAL_ACCENT_COLOR_NAME = AccentColor;
				CODE_SIGN_IDENTITY = "iPhone Distribution";
				CODE_SIGN_STYLE = Manual;
				DEVELOPMENT_TEAM = UGF8LH8K7F;
				INFOPLIST_FILE = "Golden Scent/Info.plist";
				IPHONEOS_DEPLOYMENT_TARGET = 13.0;
				LD_RUNPATH_SEARCH_PATHS = (
					"$(inherited)",
					"@executable_path/Frameworks",
				);
				PRODUCT_BUNDLE_IDENTIFIER = com.lattice.audit.Audit1;
				PRODUCT_NAME = "$(TARGET_NAME)";
				PROVISIONING_PROFILE_SPECIFIER = "audit in house";
				SWIFT_VERSION = 5.0;
				TARGETED_DEVICE_FAMILY = "1,2";
			};
			name = Debug;
		};
		44AE156725F0B9BB0015810D /* Release */ = {
			isa = XCBuildConfiguration;
			buildSettings = {
				ASSETCATALOG_COMPILER_APPICON_NAME = AppIcon;
				ASSETCATALOG_COMPILER_GLOBAL_ACCENT_COLOR_NAME = AccentColor;
				CODE_SIGN_IDENTITY = "iPhone Distribution";
				CODE_SIGN_STYLE = Manual;
				DEVELOPMENT_TEAM = UGF8LH8K7F;
				INFOPLIST_FILE = "Golden Scent/Info.plist";
				IPHONEOS_DEPLOYMENT_TARGET = 13.0;
				LD_RUNPATH_SEARCH_PATHS = (
					"$(inherited)",
					"@executable_path/Frameworks",
				);
				PRODUCT_BUNDLE_IDENTIFIER = com.lattice.audit.Audit1;
				PRODUCT_NAME = "$(TARGET_NAME)";
				PROVISIONING_PROFILE_SPECIFIER = "audit in house";
				SWIFT_VERSION = 5.0;
				TARGETED_DEVICE_FAMILY = "1,2";
			};
			name = Release;
		};
		44D55F0C25F4C71D002DDA72 /* Debug */ = {
			isa = XCBuildConfiguration;
			buildSettings = {
				BUNDLE_LOADER = "$(TEST_HOST)";
				CODE_SIGN_STYLE = Automatic;
				INFOPLIST_FILE = "Golden ScentTests/Info.plist";
				LD_RUNPATH_SEARCH_PATHS = (
					"$(inherited)",
					"@executable_path/Frameworks",
					"@loader_path/Frameworks",
				);
				PRODUCT_BUNDLE_IDENTIFIER = "com.assignment.Golden-ScentTests";
				PRODUCT_NAME = "$(TARGET_NAME)";
				SWIFT_VERSION = 5.0;
				TARGETED_DEVICE_FAMILY = "1,2";
				TEST_HOST = "$(BUILT_PRODUCTS_DIR)/Golden Scent.app/Golden Scent";
			};
			name = Debug;
		};
		44D55F0D25F4C71D002DDA72 /* Release */ = {
			isa = XCBuildConfiguration;
			buildSettings = {
				BUNDLE_LOADER = "$(TEST_HOST)";
				CODE_SIGN_STYLE = Automatic;
				INFOPLIST_FILE = "Golden ScentTests/Info.plist";
				LD_RUNPATH_SEARCH_PATHS = (
					"$(inherited)",
					"@executable_path/Frameworks",
					"@loader_path/Frameworks",
				);
				PRODUCT_BUNDLE_IDENTIFIER = "com.assignment.Golden-ScentTests";
				PRODUCT_NAME = "$(TARGET_NAME)";
				SWIFT_VERSION = 5.0;
				TARGETED_DEVICE_FAMILY = "1,2";
				TEST_HOST = "$(BUILT_PRODUCTS_DIR)/Golden Scent.app/Golden Scent";
			};
			name = Release;
		};
/* End XCBuildConfiguration section */

/* Begin XCConfigurationList section */
		44AE154C25F0B9B70015810D /* Build configuration list for PBXProject "Golden Scent" */ = {
			isa = XCConfigurationList;
			buildConfigurations = (
				44AE156325F0B9BB0015810D /* Debug */,
				44AE156425F0B9BB0015810D /* Release */,
			);
			defaultConfigurationIsVisible = 0;
			defaultConfigurationName = Release;
		};
		44AE156525F0B9BB0015810D /* Build configuration list for PBXNativeTarget "Golden Scent" */ = {
			isa = XCConfigurationList;
			buildConfigurations = (
				44AE156625F0B9BB0015810D /* Debug */,
				44AE156725F0B9BB0015810D /* Release */,
			);
			defaultConfigurationIsVisible = 0;
			defaultConfigurationName = Release;
		};
		44D55F0B25F4C71D002DDA72 /* Build configuration list for PBXNativeTarget "Golden ScentTests" */ = {
			isa = XCConfigurationList;
			buildConfigurations = (
				44D55F0C25F4C71D002DDA72 /* Debug */,
				44D55F0D25F4C71D002DDA72 /* Release */,
			);
			defaultConfigurationIsVisible = 0;
			defaultConfigurationName = Release;
		};
/* End XCConfigurationList section */

/* Begin XCRemoteSwiftPackageReference section */
		44D55EF925F38A28002DDA72 /* XCRemoteSwiftPackageReference "Kingfisher" */ = {
			isa = XCRemoteSwiftPackageReference;
			repositoryURL = "https://github.com/onevcat/Kingfisher.git";
			requirement = {
				kind = upToNextMajorVersion;
				minimumVersion = 6.1.1;
			};
		};
/* End XCRemoteSwiftPackageReference section */

/* Begin XCSwiftPackageProductDependency section */
		44D55EFA25F38A28002DDA72 /* Kingfisher */ = {
			isa = XCSwiftPackageProductDependency;
			package = 44D55EF925F38A28002DDA72 /* XCRemoteSwiftPackageReference "Kingfisher" */;
			productName = Kingfisher;
		};
/* End XCSwiftPackageProductDependency section */
	};
	rootObject = 44AE154925F0B9B70015810D /* Project object */;
}
